
Microsoft Visual Studio Solution File, Format Version 12.00
# Visual Studio 15
VisualStudioVersion = 15.0.26124.0
MinimumVisualStudioVersion = 15.0.26124.0
Project("{2150E333-8FDC-42A3-9474-1A3956D46DE8}") = "src", "src", "{F7ABA16F-3EF2-4F07-AF26-A2570B65D5C6}"
EndProject
Project("{FAE04EC0-301F-11D3-BF4B-00C04F79EFBC}") = "Infrastructure", "src\Infrastructure\Infrastructure.csproj", "{74E63442-B4A8-4C7D-938A-7EE69B6BFFD7}"
EndProject
Project("{FAE04EC0-301F-11D3-BF4B-00C04F79EFBC}") = "Application", "src\Application\Application.csproj", "{05CB39EC-5730-4B2C-A10D-1A38CE348F09}"
EndProject
Project("{FAE04EC0-301F-11D3-BF4B-00C04F79EFBC}") = "Domain", "src\Domain\Domain.csproj", "{5E392746-7C9F-4DE6-BE05-6A3698D74086}"
EndProject
Project("{FAE04EC0-301F-11D3-BF4B-00C04F79EFBC}") = "Api", "src\Api\Api.csproj", "{099EB653-0D4D-4A30-A482-137351F1CB49}"
EndProject
Project("{2150E333-8FDC-42A3-9474-1A3956D46DE8}") = "tests", "tests", "{8405A7E0-858A-4908-8D79-01F66AAFBB19}"
EndProject
Project("{FAE04EC0-301F-11D3-BF4B-00C04F79EFBC}") = "UnitTests", "tests\UnitTests\UnitTests.csproj", "{98E33552-0EA1-4C64-9751-4C30DB95F1DB}"
EndProject
Project("{FAE04EC0-301F-11D3-BF4B-00C04F79EFBC}") = "IntegrationTests", "tests\IntegrationTests\IntegrationTests.csproj", "{E1ABC007-5CBA-40D5-A6D6-372A8A3FEFB2}"
EndProject
Global
	GlobalSection(SolutionConfigurationPlatforms) = preSolution
		Debug|Any CPU = Debug|Any CPU
		Debug|x64 = Debug|x64
		Debug|x86 = Debug|x86
		Release|Any CPU = Release|Any CPU
		Release|x64 = Release|x64
		Release|x86 = Release|x86
	EndGlobalSection
	GlobalSection(SolutionProperties) = preSolution
		HideSolutionNode = FALSE
	EndGlobalSection
	GlobalSection(ProjectConfigurationPlatforms) = postSolution
		{74E63442-B4A8-4C7D-938A-7EE69B6BFFD7}.Debug|Any CPU.ActiveCfg = Debug|Any CPU
		{74E63442-B4A8-4C7D-938A-7EE69B6BFFD7}.Debug|Any CPU.Build.0 = Debug|Any CPU
		{74E63442-B4A8-4C7D-938A-7EE69B6BFFD7}.Debug|x64.ActiveCfg = Debug|Any CPU
		{74E63442-B4A8-4C7D-938A-7EE69B6BFFD7}.Debug|x64.Build.0 = Debug|Any CPU
		{74E63442-B4A8-4C7D-938A-7EE69B6BFFD7}.Debug|x86.ActiveCfg = Debug|Any CPU
		{74E63442-B4A8-4C7D-938A-7EE69B6BFFD7}.Debug|x86.Build.0 = Debug|Any CPU
		{74E63442-B4A8-4C7D-938A-7EE69B6BFFD7}.Release|Any CPU.ActiveCfg = Release|Any CPU
		{74E63442-B4A8-4C7D-938A-7EE69B6BFFD7}.Release|Any CPU.Build.0 = Release|Any CPU
		{74E63442-B4A8-4C7D-938A-7EE69B6BFFD7}.Release|x64.ActiveCfg = Release|Any CPU
		{74E63442-B4A8-4C7D-938A-7EE69B6BFFD7}.Release|x64.Build.0 = Release|Any CPU
		{74E63442-B4A8-4C7D-938A-7EE69B6BFFD7}.Release|x86.ActiveCfg = Release|Any CPU
		{74E63442-B4A8-4C7D-938A-7EE69B6BFFD7}.Release|x86.Build.0 = Release|Any CPU
		{05CB39EC-5730-4B2C-A10D-1A38CE348F09}.Debug|Any CPU.ActiveCfg = Debug|Any CPU
		{05CB39EC-5730-4B2C-A10D-1A38CE348F09}.Debug|Any CPU.Build.0 = Debug|Any CPU
		{05CB39EC-5730-4B2C-A10D-1A38CE348F09}.Debug|x64.ActiveCfg = Debug|Any CPU
		{05CB39EC-5730-4B2C-A10D-1A38CE348F09}.Debug|x64.Build.0 = Debug|Any CPU
		{05CB39EC-5730-4B2C-A10D-1A38CE348F09}.Debug|x86.ActiveCfg = Debug|Any CPU
		{05CB39EC-5730-4B2C-A10D-1A38CE348F09}.Debug|x86.Build.0 = Debug|Any CPU
		{05CB39EC-5730-4B2C-A10D-1A38CE348F09}.Release|Any CPU.ActiveCfg = Release|Any CPU
		{05CB39EC-5730-4B2C-A10D-1A38CE348F09}.Release|Any CPU.Build.0 = Release|Any CPU
		{05CB39EC-5730-4B2C-A10D-1A38CE348F09}.Release|x64.ActiveCfg = Release|Any CPU
		{05CB39EC-5730-4B2C-A10D-1A38CE348F09}.Release|x64.Build.0 = Release|Any CPU
		{05CB39EC-5730-4B2C-A10D-1A38CE348F09}.Release|x86.ActiveCfg = Release|Any CPU
		{05CB39EC-5730-4B2C-A10D-1A38CE348F09}.Release|x86.Build.0 = Release|Any CPU
		{5E392746-7C9F-4DE6-BE05-6A3698D74086}.Debug|Any CPU.ActiveCfg = Debug|Any CPU
		{5E392746-7C9F-4DE6-BE05-6A3698D74086}.Debug|Any CPU.Build.0 = Debug|Any CPU
		{5E392746-7C9F-4DE6-BE05-6A3698D74086}.Debug|x64.ActiveCfg = Debug|Any CPU
		{5E392746-7C9F-4DE6-BE05-6A3698D74086}.Debug|x64.Build.0 = Debug|Any CPU
		{5E392746-7C9F-4DE6-BE05-6A3698D74086}.Debug|x86.ActiveCfg = Debug|Any CPU
		{5E392746-7C9F-4DE6-BE05-6A3698D74086}.Debug|x86.Build.0 = Debug|Any CPU
		{5E392746-7C9F-4DE6-BE05-6A3698D74086}.Release|Any CPU.ActiveCfg = Release|Any CPU
		{5E392746-7C9F-4DE6-BE05-6A3698D74086}.Release|Any CPU.Build.0 = Release|Any CPU
		{5E392746-7C9F-4DE6-BE05-6A3698D74086}.Release|x64.ActiveCfg = Release|Any CPU
		{5E392746-7C9F-4DE6-BE05-6A3698D74086}.Release|x64.Build.0 = Release|Any CPU
		{5E392746-7C9F-4DE6-BE05-6A3698D74086}.Release|x86.ActiveCfg = Release|Any CPU
		{5E392746-7C9F-4DE6-BE05-6A3698D74086}.Release|x86.Build.0 = Release|Any CPU
		{099EB653-0D4D-4A30-A482-137351F1CB49}.Debug|Any CPU.ActiveCfg = Debug|Any CPU
		{099EB653-0D4D-4A30-A482-137351F1CB49}.Debug|Any CPU.Build.0 = Debug|Any CPU
		{099EB653-0D4D-4A30-A482-137351F1CB49}.Debug|x64.ActiveCfg = Debug|Any CPU
		{099EB653-0D4D-4A30-A482-137351F1CB49}.Debug|x64.Build.0 = Debug|Any CPU
		{099EB653-0D4D-4A30-A482-137351F1CB49}.Debug|x86.ActiveCfg = Debug|Any CPU
		{099EB653-0D4D-4A30-A482-137351F1CB49}.Debug|x86.Build.0 = Debug|Any CPU
		{099EB653-0D4D-4A30-A482-137351F1CB49}.Release|Any CPU.ActiveCfg = Release|Any CPU
		{099EB653-0D4D-4A30-A482-137351F1CB49}.Release|Any CPU.Build.0 = Release|Any CPU
		{099EB653-0D4D-4A30-A482-137351F1CB49}.Release|x64.ActiveCfg = Release|Any CPU
		{099EB653-0D4D-4A30-A482-137351F1CB49}.Release|x64.Build.0 = Release|Any CPU
		{099EB653-0D4D-4A30-A482-137351F1CB49}.Release|x86.ActiveCfg = Release|Any CPU
		{099EB653-0D4D-4A30-A482-137351F1CB49}.Release|x86.Build.0 = Release|Any CPU
		{98E33552-0EA1-4C64-9751-4C30DB95F1DB}.Debug|Any CPU.ActiveCfg = Debug|Any CPU
		{98E33552-0EA1-4C64-9751-4C30DB95F1DB}.Debug|Any CPU.Build.0 = Debug|Any CPU
		{98E33552-0EA1-4C64-9751-4C30DB95F1DB}.Debug|x64.ActiveCfg = Debug|Any CPU
		{98E33552-0EA1-4C64-9751-4C30DB95F1DB}.Debug|x64.Build.0 = Debug|Any CPU
		{98E33552-0EA1-4C64-9751-4C30DB95F1DB}.Debug|x86.ActiveCfg = Debug|Any CPU
		{98E33552-0EA1-4C64-9751-4C30DB95F1DB}.Debug|x86.Build.0 = Debug|Any CPU
		{98E33552-0EA1-4C64-9751-4C30DB95F1DB}.Release|Any CPU.ActiveCfg = Release|Any CPU
		{98E33552-0EA1-4C64-9751-4C30DB95F1DB}.Release|Any CPU.Build.0 = Release|Any CPU
		{98E33552-0EA1-4C64-9751-4C30DB95F1DB}.Release|x64.ActiveCfg = Release|Any CPU
		{98E33552-0EA1-4C64-9751-4C30DB95F1DB}.Release|x64.Build.0 = Release|Any CPU
		{98E33552-0EA1-4C64-9751-4C30DB95F1DB}.Release|x86.ActiveCfg = Release|Any CPU
		{98E33552-0EA1-4C64-9751-4C30DB95F1DB}.Release|x86.Build.0 = Release|Any CPU
		{E1ABC007-5CBA-40D5-A6D6-372A8A3FEFB2}.Debug|Any CPU.ActiveCfg = Debug|Any CPU
		{E1ABC007-5CBA-40D5-A6D6-372A8A3FEFB2}.Debug|Any CPU.Build.0 = Debug|Any CPU
		{E1ABC007-5CBA-40D5-A6D6-372A8A3FEFB2}.Debug|x64.ActiveCfg = Debug|Any CPU
		{E1ABC007-5CBA-40D5-A6D6-372A8A3FEFB2}.Debug|x64.Build.0 = Debug|Any CPU
		{E1ABC007-5CBA-40D5-A6D6-372A8A3FEFB2}.Debug|x86.ActiveCfg = Debug|Any CPU
		{E1ABC007-5CBA-40D5-A6D6-372A8A3FEFB2}.Debug|x86.Build.0 = Debug|Any CPU
		{E1ABC007-5CBA-40D5-A6D6-372A8A3FEFB2}.Release|Any CPU.ActiveCfg = Release|Any CPU
		{E1ABC007-5CBA-40D5-A6D6-372A8A3FEFB2}.Release|Any CPU.Build.0 = Release|Any CPU
		{E1ABC007-5CBA-40D5-A6D6-372A8A3FEFB2}.Release|x64.ActiveCfg = Release|Any CPU
		{E1ABC007-5CBA-40D5-A6D6-372A8A3FEFB2}.Release|x64.Build.0 = Release|Any CPU
		{E1ABC007-5CBA-40D5-A6D6-372A8A3FEFB2}.Release|x86.ActiveCfg = Release|Any CPU
		{E1ABC007-5CBA-40D5-A6D6-372A8A3FEFB2}.Release|x86.Build.0 = Release|Any CPU
	EndGlobalSection
	GlobalSection(NestedProjects) = preSolution
		{74E63442-B4A8-4C7D-938A-7EE69B6BFFD7} = {F7ABA16F-3EF2-4F07-AF26-A2570B65D5C6}
		{05CB39EC-5730-4B2C-A10D-1A38CE348F09} = {F7ABA16F-3EF2-4F07-AF26-A2570B65D5C6}
		{5E392746-7C9F-4DE6-BE05-6A3698D74086} = {F7ABA16F-3EF2-4F07-AF26-A2570B65D5C6}
		{099EB653-0D4D-4A30-A482-137351F1CB49} = {F7ABA16F-3EF2-4F07-AF26-A2570B65D5C6}
		{98E33552-0EA1-4C64-9751-4C30DB95F1DB} = {8405A7E0-858A-4908-8D79-01F66AAFBB19}
		{E1ABC007-5CBA-40D5-A6D6-372A8A3FEFB2} = {8405A7E0-858A-4908-8D79-01F66AAFBB19}
	EndGlobalSection
EndGlobal
